
Microsoft Visual Studio Solution File, Format Version 12.00
# Visual Studio Version 16
VisualStudioVersion = 16.0.30320.27
MinimumVisualStudioVersion = 10.0.40219.1
Project("{FAE04EC0-301F-11D3-BF4B-00C04F79EFBC}") = "BlogTool", "BlogTool.csproj", "{A700D727-008B-44F0-BB27-88F42BFA6D37}"
EndProject
Global
	GlobalSection(SolutionConfigurationPlatforms) = preSolution
		Debug|Any CPU = Debug|Any CPU
		Release|Any CPU = Release|Any CPU
	EndGlobalSection
	GlobalSection(ProjectConfigurationPlatforms) = postSolution
		{A700D727-008B-44F0-BB27-88F42BFA6D37}.Debug|Any CPU.ActiveCfg = Debug|Any CPU
		{A700D727-008B-44F0-BB27-88F42BFA6D37}.Debug|Any CPU.Build.0 = Debug|Any CPU
		{A700D727-008B-44F0-BB27-88F42BFA6D37}.Release|Any CPU.ActiveCfg = Release|Any CPU
		{A700D727-008B-44F0-BB27-88F42BFA6D37}.Release|Any CPU.Build.0 = Release|Any CPU
	EndGlobalSection
	GlobalSection(SolutionProperties) = preSolution
		HideSolutionNode = FALSE
	EndGlobalSection
	GlobalSection(ExtensibilityGlobals) = postSolution
		SolutionGuid = {39775CD9-FD66-4953-9167-915B28AF865A}
	EndGlobalSection
EndGlobal
